
Microsoft Visual Studio Solution File, Format Version 12.00
# Visual Studio Version 16
VisualStudioVersion = 16.0.32802.440
MinimumVisualStudioVersion = 10.0.40219.1
Project("{FAE04EC0-301F-11D3-BF4B-00C04F79EFBC}") = "MarkerTranslator", "MarkerTranslator.csproj", "{9CA4BD14-001D-4265-B352-6FA65BB26D67}"
EndProject
Global
	GlobalSection(SolutionConfigurationPlatforms) = preSolution
		Debug|Any CPU = Debug|Any CPU
		Release|Any CPU = Release|Any CPU
	EndGlobalSection
	GlobalSection(ProjectConfigurationPlatforms) = postSolution
		{9CA4BD14-001D-4265-B352-6FA65BB26D67}.Debug|Any CPU.ActiveCfg = Debug|Any CPU
		{9CA4BD14-001D-4265-B352-6FA65BB26D67}.Debug|Any CPU.Build.0 = Debug|Any CPU
		{9CA4BD14-001D-4265-B352-6FA65BB26D67}.Release|Any CPU.ActiveCfg = Release|Any CPU
		{9CA4BD14-001D-4265-B352-6FA65BB26D67}.Release|Any CPU.Build.0 = Release|Any CPU
	EndGlobalSection
	GlobalSection(SolutionProperties) = preSolution
		HideSolutionNode = FALSE
	EndGlobalSection
	GlobalSection(ExtensibilityGlobals) = postSolution
		SolutionGuid = {F81E60A2-AEFE-4851-8885-B128159C24E8}
	EndGlobalSection
EndGlobal
